
Microsoft Visual Studio Solution File, Format Version 12.00
# Visual Studio Version 16
VisualStudioVersion = 16.0.28922.388
MinimumVisualStudioVersion = 10.0.40219.1
Project("{8BC9CEB8-8B4A-11D0-8D11-00A0C91BC942}") = "Localization Tool", "Localization Tool.vcxproj", "{DC642EFA-925C-4415-BEEC-D5F8E834E28B}"
EndProject
Global
	GlobalSection(SolutionConfigurationPlatforms) = preSolution
		Debug|x64 = Debug|x64
		Release|x64 = Release|x64
	EndGlobalSection
	GlobalSection(ProjectConfigurationPlatforms) = postSolution
		{DC642EFA-925C-4415-BEEC-D5F8E834E28B}.Debug|x64.ActiveCfg = Debug|x64
		{DC642EFA-925C-4415-BEEC-D5F8E834E28B}.Debug|x64.Build.0 = Debug|x64
		{DC642EFA-925C-4415-BEEC-D5F8E834E28B}.Release|x64.ActiveCfg = Release|x64
		{DC642EFA-925C-4415-BEEC-D5F8E834E28B}.Release|x64.Build.0 = Release|x64
	EndGlobalSection
	GlobalSection(SolutionProperties) = preSolution
		HideSolutionNode = FALSE
	EndGlobalSection
	GlobalSection(ExtensibilityGlobals) = postSolution
		SolutionGuid = {16901652-31E9-473C-8566-30EAD0EBFFB5}
	EndGlobalSection
EndGlobal
