<?xml version="1.0" encoding="utf-8"?>
<Project ToolsVersion="4.0" xmlns="http://schemas.microsoft.com/developer/msbuild/2003">
  <ItemGroup>
    <ClCompile Include="..\..\Code\Sources\dllmain.cpp">
      <Filter>Source Files\Program Essentials</Filter>
    </ClCompile>
    <ClCompile Include="Precompiled Headers\pch.cpp">
      <Filter>Source Files\Program Essentials</Filter>
    </ClCompile>
    <ClCompile Include="..\..\Code\Sources\Interface.cpp">
      <Filter>Source Files\Core</Filter>
    </ClCompile>
    <ClCompile Include="..\..\Code\Sources\Audio_Clip.cpp">
      <Filter>Source Files\Audio</Filter>
    </ClCompile>
    <ClCompile Include="..\..\Code\Sources\Text_Clip.cpp">
      <Filter>Source Files\Text</Filter>
    </ClCompile>
    <ClCompile Include="..\..\Code\Sources\Clip.cpp">
      <Filter>Source Files\Core</Filter>
    </ClCompile>
    <ClCompile Include="..\..\Code\Sources\Text_Track.cpp">
      <Filter>Source Files\Text</Filter>
    </ClCompile>
    <ClCompile Include="..\..\Code\Sources\Audio_Track.cpp">
      <Filter>Source Files\Audio</Filter>
    </ClCompile>
  </ItemGroup>
  <ItemGroup>
    <Filter Include="Header Files">
      <UniqueIdentifier>{4c2e4587-a2a8-49c1-b60f-45843234c205}</UniqueIdentifier>
    </Filter>
    <Filter Include="Source Files">
      <UniqueIdentifier>{efc10258-08f7-4805-ba01-b1c4cb0b6cfd}</UniqueIdentifier>
    </Filter>
    <Filter Include="Header Files\Core">
      <UniqueIdentifier>{073aac98-61fb-4d68-b3ac-e4c383c41719}</UniqueIdentifier>
    </Filter>
    <Filter Include="Source Files\Program Essentials">
      <UniqueIdentifier>{b7932871-bda7-406e-8d63-32df9e9a6266}</UniqueIdentifier>
    </Filter>
    <Filter Include="Source Files\Core">
      <UniqueIdentifier>{828589ba-957c-4926-9e30-3c9ef516ba9b}</UniqueIdentifier>
    </Filter>
    <Filter Include="Header Files\Audio">
      <UniqueIdentifier>{96224521-7020-4fd8-a2a8-f3646bc5b178}</UniqueIdentifier>
    </Filter>
    <Filter Include="Source Files\Clips">
      <UniqueIdentifier>{9c7c4d5f-620e-49a5-8ec5-0019b56dc439}</UniqueIdentifier>
    </Filter>
    <Filter Include="Header Files\Text">
      <UniqueIdentifier>{38a18e1a-0760-48d4-854b-94b2186239b7}</UniqueIdentifier>
    </Filter>
    <Filter Include="Header Files\Core\Internal">
      <UniqueIdentifier>{2b9a4d35-4c0c-4e2f-b5d4-81d9ced3acf0}</UniqueIdentifier>
    </Filter>
    <Filter Include="Header Files\Core\Internal\Declarations">
      <UniqueIdentifier>{6db3d8b5-4ed9-438f-8104-7cf12d12f955}</UniqueIdentifier>
    </Filter>
    <Filter Include="Header Files\Core\Internal\Utilities">
      <UniqueIdentifier>{7bb715da-2adb-48e9-8ad6-2d9f5d20c84a}</UniqueIdentifier>
    </Filter>
    <Filter Include="Source Files\Audio">
      <UniqueIdentifier>{36079e25-06bb-4098-963c-515aa668b15f}</UniqueIdentifier>
    </Filter>
    <Filter Include="Source Files\Text">
      <UniqueIdentifier>{da54f99e-a43d-4c40-a40f-64d87c186bba}</UniqueIdentifier>
    </Filter>
  </ItemGroup>
  <ItemGroup>
    <None Include="cpp.hint" />
  </ItemGroup>
  <ItemGroup>
    <ClInclude Include="..\..\Code\Headers\Interface.hpp">
      <Filter>Header Files\Core</Filter>
    </ClInclude>
    <ClInclude Include="..\..\Code\Headers\Internal\Declarations\Nlohmann_JSON_Converter.hpp">
      <Filter>Header Files\Core\Internal\Declarations</Filter>
    </ClInclude>
    <ClInclude Include="..\..\Code\Headers\Internal\Declarations\Standard_Library.hpp">
      <Filter>Header Files\Core\Internal\Declarations</Filter>
    </ClInclude>
    <ClInclude Include="..\..\Code\Headers\Declarations.hpp">
      <Filter>Header Files\Core\Internal\Declarations</Filter>
    </ClInclude>
    <ClInclude Include="..\..\Code\Headers\Utilities.hpp">
      <Filter>Header Files\Core\Internal\Utilities</Filter>
    </ClInclude>
    <ClInclude Include="..\..\Code\Headers\Internal\Utilities\Math.hpp">
      <Filter>Header Files\Core\Internal\Utilities</Filter>
    </ClInclude>
    <ClInclude Include="..\..\Code\Headers\Sequence.hpp">
      <Filter>Header Files\Core</Filter>
    </ClInclude>
    <ClInclude Include="..\..\Code\Headers\Internal\Utilities\String.hpp">
      <Filter>Header Files\Core\Internal\Utilities</Filter>
    </ClInclude>
    <ClInclude Include="..\..\Code\Headers\Internal\Utilities\IO.hpp">
      <Filter>Header Files\Core\Internal\Utilities</Filter>
    </ClInclude>
    <ClInclude Include="..\..\Code\Headers\Audio_Clip.hpp">
      <Filter>Header Files\Audio</Filter>
    </ClInclude>
    <ClInclude Include="..\..\Code\Headers\Audio_Track.hpp">
      <Filter>Header Files\Audio</Filter>
    </ClInclude>
    <ClInclude Include="..\..\Code\Headers\Text_Clip.hpp">
      <Filter>Header Files\Text</Filter>
    </ClInclude>
    <ClInclude Include="..\..\Code\Headers\Track.hpp">
      <Filter>Header Files\Core</Filter>
    </ClInclude>
    <ClInclude Include="..\..\Code\Headers\Clip.hpp">
      <Filter>Header Files\Core</Filter>
    </ClInclude>
  </ItemGroup>
</Project>